PODS:
  - Alamofire (4.7.3)
  - Kingfisher (4.8.0)
  - Realm (3.7.4):
    - Realm/Headers (= 3.7.4)
  - Realm/Headers (3.7.4)
  - RealmSwift (3.7.4):
    - Realm (= 3.7.4)
  - YouTubePlayer (0.4.0)

DEPENDENCIES:
  - Alamofire
  - Kingfisher
  - RealmSwift
  - YouTubePlayer

SPEC REPOS:
  https://github.com/cocoapods/specs.git:
    - Alamofire
    - Kingfisher
    - Realm
    - RealmSwift
    - YouTubePlayer

SPEC CHECKSUMS:
  Alamofire: c7287b6e5d7da964a70935e5db17046b7fde6568
  Kingfisher: 976d828df2b24834c6a3f2fc4d82cdbd26552be1
  Realm: a469bb59e33f9926102ccaea4349822c53b9117e
  RealmSwift: a45861b21c180f5cf0f122144b9759fa8dde3e9e
  YouTubePlayer: 028451f6772f372d4759866db99824c676ac1473

PODFILE CHECKSUM: 7dfd946a0388946784fdcf0b36384d36d79f6a7e

COCOAPODS: 1.5.3
