// !$*UTF8*$!
{
	archiveVersion = 1;
	classes = {
	};
	objectVersion = 50;
	objects = {

/* Begin PBXBuildFile section */
		43570A06222D064C0093655E /* APIManager.swift in Sources */ = {isa = PBXBuildFile; fileRef = 43570A05222D064C0093655E /* APIManager.swift */; };
		437B582221C7A9CE00283CCC /* PhotosCell.swift in Sources */ = {isa = PBXBuildFile; fileRef = 437B582121C7A9CE00283CCC /* PhotosCell.swift */; };
		437B582421C7A9FA00283CCC /* CommentsCell.swift in Sources */ = {isa = PBXBuildFile; fileRef = 437B582321C7A9FA00283CCC /* CommentsCell.swift */; };
		43E427A521F201D900D10A4F /* VideoViewController.swift in Sources */ = {isa = PBXBuildFile; fileRef = 43E427A421F201D900D10A4F /* VideoViewController.swift */; };
		58BD5B83CBA92703850E6E26 /* Pods_MMasterDemo.framework in Frameworks */ = {isa = PBXBuildFile; fileRef = 2EB72DE4410D6AE28255739E /* Pods_MMasterDemo.framework */; };
		BDFA1D7721C62C380008242D /* AppDelegate.swift in Sources */ = {isa = PBXBuildFile; fileRef = BDFA1D7621C62C380008242D /* AppDelegate.swift */; };
		BDFA1D7921C62C380008242D /* CollectionWithAVC.swift in Sources */ = {isa = PBXBuildFile; fileRef = BDFA1D7821C62C380008242D /* CollectionWithAVC.swift */; };
		BDFA1D7C21C62C380008242D /* Main.storyboard in Resources */ = {isa = PBXBuildFile; fileRef = BDFA1D7A21C62C380008242D /* Main.storyboard */; };
		BDFA1D7E21C62C3A0008242D /* Assets.xcassets in Resources */ = {isa = PBXBuildFile; fileRef = BDFA1D7D21C62C3A0008242D /* Assets.xcassets */; };
		BDFA1D8121C62C3A0008242D /* LaunchScreen.storyboard in Resources */ = {isa = PBXBuildFile; fileRef = BDFA1D7F21C62C3A0008242D /* LaunchScreen.storyboard */; };
		BDFA1D9021C636400008242D /* Constants.swift in Sources */ = {isa = PBXBuildFile; fileRef = BDFA1D8F21C636400008242D /* Constants.swift */; };
		BDFA1D9221C636500008242D /* DBHelper.swift in Sources */ = {isa = PBXBuildFile; fileRef = BDFA1D9121C636500008242D /* DBHelper.swift */; };
		BDFA1D9421C637BF0008242D /* TableViewWithAVC.swift in Sources */ = {isa = PBXBuildFile; fileRef = BDFA1D9321C637BF0008242D /* TableViewWithAVC.swift */; };
		BDFA1D9621C637DA0008242D /* CollectionWithoutAVC.swift in Sources */ = {isa = PBXBuildFile; fileRef = BDFA1D9521C637DA0008242D /* CollectionWithoutAVC.swift */; };
		BDFA1D9821C637FF0008242D /* TableViewWithoutAVC.swift in Sources */ = {isa = PBXBuildFile; fileRef = BDFA1D9721C637FF0008242D /* TableViewWithoutAVC.swift */; };
		BDFA1D9C21C65E1F0008242D /* Comments.swift in Sources */ = {isa = PBXBuildFile; fileRef = BDFA1D9B21C65E1F0008242D /* Comments.swift */; };
		BDFA1D9E21C661620008242D /* Photos.swift in Sources */ = {isa = PBXBuildFile; fileRef = BDFA1D9D21C661620008242D /* Photos.swift */; };
/* End PBXBuildFile section */

/* Begin PBXFileReference section */
		2EB72DE4410D6AE28255739E /* Pods_MMasterDemo.framework */ = {isa = PBXFileReference; explicitFileType = wrapper.framework; includeInIndex = 0; path = Pods_MMasterDemo.framework; sourceTree = BUILT_PRODUCTS_DIR; };
		43570A05222D064C0093655E /* APIManager.swift */ = {isa = PBXFileReference; lastKnownFileType = sourcecode.swift; path = APIManager.swift; sourceTree = "<group>"; };
		437B582121C7A9CE00283CCC /* PhotosCell.swift */ = {isa = PBXFileReference; lastKnownFileType = sourcecode.swift; path = PhotosCell.swift; sourceTree = "<group>"; };
		437B582321C7A9FA00283CCC /* CommentsCell.swift */ = {isa = PBXFileReference; lastKnownFileType = sourcecode.swift; path = CommentsCell.swift; sourceTree = "<group>"; };
		43E427A421F201D900D10A4F /* VideoViewController.swift */ = {isa = PBXFileReference; lastKnownFileType = sourcecode.swift; path = VideoViewController.swift; sourceTree = "<group>"; };
		481C3FB343D470068AB38B86 /* Pods-MMasterDemo.debug.xcconfig */ = {isa = PBXFileReference; includeInIndex = 1; lastKnownFileType = text.xcconfig; name = "Pods-MMasterDemo.debug.xcconfig"; path = "Pods/Target Support Files/Pods-MMasterDemo/Pods-MMasterDemo.debug.xcconfig"; sourceTree = "<group>"; };
		BDFA1D7321C62C380008242D /* MMasterDemo.app */ = {isa = PBXFileReference; explicitFileType = wrapper.application; includeInIndex = 0; path = MMasterDemo.app; sourceTree = BUILT_PRODUCTS_DIR; };
		BDFA1D7621C62C380008242D /* AppDelegate.swift */ = {isa = PBXFileReference; lastKnownFileType = sourcecode.swift; path = AppDelegate.swift; sourceTree = "<group>"; };
		BDFA1D7821C62C380008242D /* CollectionWithAVC.swift */ = {isa = PBXFileReference; lastKnownFileType = sourcecode.swift; path = CollectionWithAVC.swift; sourceTree = "<group>"; };
		BDFA1D7B21C62C380008242D /* Base */ = {isa = PBXFileReference; lastKnownFileType = file.storyboard; name = Base; path = Base.lproj/Main.storyboard; sourceTree = "<group>"; };
		BDFA1D7D21C62C3A0008242D /* Assets.xcassets */ = {isa = PBXFileReference; lastKnownFileType = folder.assetcatalog; path = Assets.xcassets; sourceTree = "<group>"; };
		BDFA1D8021C62C3A0008242D /* Base */ = {isa = PBXFileReference; lastKnownFileType = file.storyboard; name = Base; path = Base.lproj/LaunchScreen.storyboard; sourceTree = "<group>"; };
		BDFA1D8221C62C3A0008242D /* Info.plist */ = {isa = PBXFileReference; lastKnownFileType = text.plist.xml; path = Info.plist; sourceTree = "<group>"; };
		BDFA1D8F21C636400008242D /* Constants.swift */ = {isa = PBXFileReference; lastKnownFileType = sourcecode.swift; path = Constants.swift; sourceTree = "<group>"; };
		BDFA1D9121C636500008242D /* DBHelper.swift */ = {isa = PBXFileReference; lastKnownFileType = sourcecode.swift; path = DBHelper.swift; sourceTree = "<group>"; };
		BDFA1D9321C637BF0008242D /* TableViewWithAVC.swift */ = {isa = PBXFileReference; lastKnownFileType = sourcecode.swift; path = TableViewWithAVC.swift; sourceTree = "<group>"; };
		BDFA1D9521C637DA0008242D /* CollectionWithoutAVC.swift */ = {isa = PBXFileReference; lastKnownFileType = sourcecode.swift; path = CollectionWithoutAVC.swift; sourceTree = "<group>"; };
		BDFA1D9721C637FF0008242D /* TableViewWithoutAVC.swift */ = {isa = PBXFileReference; lastKnownFileType = sourcecode.swift; path = TableViewWithoutAVC.swift; sourceTree = "<group>"; };
		BDFA1D9B21C65E1F0008242D /* Comments.swift */ = {isa = PBXFileReference; lastKnownFileType = sourcecode.swift; path = Comments.swift; sourceTree = "<group>"; };
		BDFA1D9D21C661620008242D /* Photos.swift */ = {isa = PBXFileReference; lastKnownFileType = sourcecode.swift; path = Photos.swift; sourceTree = "<group>"; };
		F351F20BCEBA9E1AD5CC654A /* Pods-MMasterDemo.release.xcconfig */ = {isa = PBXFileReference; includeInIndex = 1; lastKnownFileType = text.xcconfig; name = "Pods-MMasterDemo.release.xcconfig"; path = "Pods/Target Support Files/Pods-MMasterDemo/Pods-MMasterDemo.release.xcconfig"; sourceTree = "<group>"; };
/* End PBXFileReference section */

/* Begin PBXFrameworksBuildPhase section */
		BDFA1D7021C62C380008242D /* Frameworks */ = {
			isa = PBXFrameworksBuildPhase;
			buildActionMask = 2147483647;
			files = (
				58BD5B83CBA92703850E6E26 /* Pods_MMasterDemo.framework in Frameworks */,
			);
			runOnlyForDeploymentPostprocessing = 0;
		};
/* End PBXFrameworksBuildPhase section */

/* Begin PBXGroup section */
		43570A04222D06260093655E /* Networking */ = {
			isa = PBXGroup;
			children = (
				43570A05222D064C0093655E /* APIManager.swift */,
			);
			path = Networking;
			sourceTree = "<group>";
		};
		5446498AF3572307852E82D9 /* Pods */ = {
			isa = PBXGroup;
			children = (
				481C3FB343D470068AB38B86 /* Pods-MMasterDemo.debug.xcconfig */,
				F351F20BCEBA9E1AD5CC654A /* Pods-MMasterDemo.release.xcconfig */,
			);
			name = Pods;
			sourceTree = "<group>";
		};
		BDFA1D6A21C62C380008242D = {
			isa = PBXGroup;
			children = (
				BDFA1D7521C62C380008242D /* MMasterDemo */,
				BDFA1D7421C62C380008242D /* Products */,
				5446498AF3572307852E82D9 /* Pods */,
				DB156A200FEA7A2C3BA0E44B /* Frameworks */,
			);
			sourceTree = "<group>";
		};
		BDFA1D7421C62C380008242D /* Products */ = {
			isa = PBXGroup;
			children = (
				BDFA1D7321C62C380008242D /* MMasterDemo.app */,
			);
			name = Products;
			sourceTree = "<group>";
		};
		BDFA1D7521C62C380008242D /* MMasterDemo */ = {
			isa = PBXGroup;
			children = (
				BDFA1D8E21C6341E0008242D /* Constants */,
				BDFA1D8D21C634130008242D /* DatabaseHelper */,
				BDFA1D8C21C633EA0008242D /* Model */,
				BDFA1D8B21C633E60008242D /* View */,
				BDFA1D8A21C633E20008242D /* Controller */,
				43570A04222D06260093655E /* Networking */,
				BDFA1D8921C633DB0008242D /* Extensions */,
				BDFA1D7621C62C380008242D /* AppDelegate.swift */,
				BDFA1D7A21C62C380008242D /* Main.storyboard */,
				BDFA1D7D21C62C3A0008242D /* Assets.xcassets */,
				BDFA1D7F21C62C3A0008242D /* LaunchScreen.storyboard */,
				BDFA1D8221C62C3A0008242D /* Info.plist */,
			);
			path = MMasterDemo;
			sourceTree = "<group>";
		};
		BDFA1D8921C633DB0008242D /* Extensions */ = {
			isa = PBXGroup;
			children = (
			);
			path = Extensions;
			sourceTree = "<group>";
		};
		BDFA1D8A21C633E20008242D /* Controller */ = {
			isa = PBXGroup;
			children = (
				BDFA1D7821C62C380008242D /* CollectionWithAVC.swift */,
				BDFA1D9321C637BF0008242D /* TableViewWithAVC.swift */,
				BDFA1D9521C637DA0008242D /* CollectionWithoutAVC.swift */,
				BDFA1D9721C637FF0008242D /* TableViewWithoutAVC.swift */,
				43E427A421F201D900D10A4F /* VideoViewController.swift */,
			);
			path = Controller;
			sourceTree = "<group>";
		};
		BDFA1D8B21C633E60008242D /* View */ = {
			isa = PBXGroup;
			children = (
				437B582321C7A9FA00283CCC /* CommentsCell.swift */,
				437B582121C7A9CE00283CCC /* PhotosCell.swift */,
			);
			path = View;
			sourceTree = "<group>";
		};
		BDFA1D8C21C633EA0008242D /* Model */ = {
			isa = PBXGroup;
			children = (
				BDFA1D9B21C65E1F0008242D /* Comments.swift */,
				BDFA1D9D21C661620008242D /* Photos.swift */,
			);
			path = Model;
			sourceTree = "<group>";
		};
		BDFA1D8D21C634130008242D /* DatabaseHelper */ = {
			isa = PBXGroup;
			children = (
				BDFA1D9121C636500008242D /* DBHelper.swift */,
			);
			path = DatabaseHelper;
			sourceTree = "<group>";
		};
		BDFA1D8E21C6341E0008242D /* Constants */ = {
			isa = PBXGroup;
			children = (
				BDFA1D8F21C636400008242D /* Constants.swift */,
			);
			path = Constants;
			sourceTree = "<group>";
		};
		DB156A200FEA7A2C3BA0E44B /* Frameworks */ = {
			isa = PBXGroup;
			children = (
				2EB72DE4410D6AE28255739E /* Pods_MMasterDemo.framework */,
			);
			name = Frameworks;
			sourceTree = "<group>";
		};
/* End PBXGroup section */

/* Begin PBXNativeTarget section */
		BDFA1D7221C62C380008242D /* MMasterDemo */ = {
			isa = PBXNativeTarget;
			buildConfigurationList = BDFA1D8521C62C3A0008242D /* Build configuration list for PBXNativeTarget "MMasterDemo" */;
			buildPhases = (
				4EFBCA6B35AA3C7A90CB79D7 /* [CP] Check Pods Manifest.lock */,
				BDFA1D6F21C62C380008242D /* Sources */,
				BDFA1D7021C62C380008242D /* Frameworks */,
				BDFA1D7121C62C380008242D /* Resources */,
				EDAE83323F5BAA05284E626A /* [CP] Embed Pods Frameworks */,
			);
			buildRules = (
			);
			dependencies = (
			);
			name = MMasterDemo;
			productName = MMasterDemo;
			productReference = BDFA1D7321C62C380008242D /* MMasterDemo.app */;
			productType = "com.apple.product-type.application";
		};
/* End PBXNativeTarget section */

/* Begin PBXProject section */
		BDFA1D6B21C62C380008242D /* Project object */ = {
			isa = PBXProject;
			attributes = {
				LastSwiftUpdateCheck = 1000;
				LastUpgradeCheck = 1000;
				ORGANIZATIONNAME = "Manish Sharma";
				TargetAttributes = {
					BDFA1D7221C62C380008242D = {
						CreatedOnToolsVersion = 10.0;
					};
				};
			};
			buildConfigurationList = BDFA1D6E21C62C380008242D /* Build configuration list for PBXProject "MMasterDemo" */;
			compatibilityVersion = "Xcode 9.3";
			developmentRegion = en;
			hasScannedForEncodings = 0;
			knownRegions = (
				en,
				Base,
			);
			mainGroup = BDFA1D6A21C62C380008242D;
			productRefGroup = BDFA1D7421C62C380008242D /* Products */;
			projectDirPath = "";
			projectRoot = "";
			targets = (
				BDFA1D7221C62C380008242D /* MMasterDemo */,
			);
		};
/* End PBXProject section */

/* Begin PBXResourcesBuildPhase section */
		BDFA1D7121C62C380008242D /* Resources */ = {
			isa = PBXResourcesBuildPhase;
			buildActionMask = 2147483647;
			files = (
				BDFA1D8121C62C3A0008242D /* LaunchScreen.storyboard in Resources */,
				BDFA1D7E21C62C3A0008242D /* Assets.xcassets in Resources */,
				BDFA1D7C21C62C380008242D /* Main.storyboard in Resources */,
			);
			runOnlyForDeploymentPostprocessing = 0;
		};
/* End PBXResourcesBuildPhase section */

/* Begin PBXShellScriptBuildPhase section */
		4EFBCA6B35AA3C7A90CB79D7 /* [CP] Check Pods Manifest.lock */ = {
			isa = PBXShellScriptBuildPhase;
			buildActionMask = 2147483647;
			files = (
			);
			inputPaths = (
				"${PODS_PODFILE_DIR_PATH}/Podfile.lock",
				"${PODS_ROOT}/Manifest.lock",
			);
			name = "[CP] Check Pods Manifest.lock";
			outputPaths = (
				"$(DERIVED_FILE_DIR)/Pods-MMasterDemo-checkManifestLockResult.txt",
			);
			runOnlyForDeploymentPostprocessing = 0;
			shellPath = /bin/sh;
			shellScript = "diff \"${PODS_PODFILE_DIR_PATH}/Podfile.lock\" \"${PODS_ROOT}/Manifest.lock\" > /dev/null\nif [ $? != 0 ] ; then\n    # print error to STDERR\n    echo \"error: The sandbox is not in sync with the Podfile.lock. Run 'pod install' or update your CocoaPods installation.\" >&2\n    exit 1\nfi\n# This output is used by Xcode 'outputs' to avoid re-running this script phase.\necho \"SUCCESS\" > \"${SCRIPT_OUTPUT_FILE_0}\"\n";
			showEnvVarsInLog = 0;
		};
		EDAE83323F5BAA05284E626A /* [CP] Embed Pods Frameworks */ = {
			isa = PBXShellScriptBuildPhase;
			buildActionMask = 2147483647;
			files = (
			);
			inputPaths = (
				"${SRCROOT}/Pods/Target Support Files/Pods-MMasterDemo/Pods-MMasterDemo-frameworks.sh",
				"${BUILT_PRODUCTS_DIR}/Alamofire/Alamofire.framework",
				"${BUILT_PRODUCTS_DIR}/Kingfisher/Kingfisher.framework",
				"${BUILT_PRODUCTS_DIR}/Realm/Realm.framework",
				"${BUILT_PRODUCTS_DIR}/RealmSwift/RealmSwift.framework",
				"${BUILT_PRODUCTS_DIR}/YouTubePlayer/YouTubePlayer.framework",
			);
			name = "[CP] Embed Pods Frameworks";
			outputPaths = (
				"${TARGET_BUILD_DIR}/${FRAMEWORKS_FOLDER_PATH}/Alamofire.framework",
				"${TARGET_BUILD_DIR}/${FRAMEWORKS_FOLDER_PATH}/Kingfisher.framework",
				"${TARGET_BUILD_DIR}/${FRAMEWORKS_FOLDER_PATH}/Realm.framework",
				"${TARGET_BUILD_DIR}/${FRAMEWORKS_FOLDER_PATH}/RealmSwift.framework",
				"${TARGET_BUILD_DIR}/${FRAMEWORKS_FOLDER_PATH}/YouTubePlayer.framework",
			);
			runOnlyForDeploymentPostprocessing = 0;
			shellPath = /bin/sh;
			shellScript = "\"${SRCROOT}/Pods/Target Support Files/Pods-MMasterDemo/Pods-MMasterDemo-frameworks.sh\"\n";
			showEnvVarsInLog = 0;
		};
/* End PBXShellScriptBuildPhase section */

/* Begin PBXSourcesBuildPhase section */
		BDFA1D6F21C62C380008242D /* Sources */ = {
			isa = PBXSourcesBuildPhase;
			buildActionMask = 2147483647;
			files = (
				BDFA1D9E21C661620008242D /* Photos.swift in Sources */,
				BDFA1D7921C62C380008242D /* CollectionWithAVC.swift in Sources */,
				43E427A521F201D900D10A4F /* VideoViewController.swift in Sources */,
				BDFA1D9621C637DA0008242D /* CollectionWithoutAVC.swift in Sources */,
				BDFA1D9C21C65E1F0008242D /* Comments.swift in Sources */,
				BDFA1D9821C637FF0008242D /* TableViewWithoutAVC.swift in Sources */,
				BDFA1D9421C637BF0008242D /* TableViewWithAVC.swift in Sources */,
				437B582221C7A9CE00283CCC /* PhotosCell.swift in Sources */,
				437B582421C7A9FA00283CCC /* CommentsCell.swift in Sources */,
				BDFA1D7721C62C380008242D /* AppDelegate.swift in Sources */,
				43570A06222D064C0093655E /* APIManager.swift in Sources */,
				BDFA1D9021C636400008242D /* Constants.swift in Sources */,
				BDFA1D9221C636500008242D /* DBHelper.swift in Sources */,
			);
			runOnlyForDeploymentPostprocessing = 0;
		};
/* End PBXSourcesBuildPhase section */

/* Begin PBXVariantGroup section */
		BDFA1D7A21C62C380008242D /* Main.storyboard */ = {
			isa = PBXVariantGroup;
			children = (
				BDFA1D7B21C62C380008242D /* Base */,
			);
			name = Main.storyboard;
			sourceTree = "<group>";
		};
		BDFA1D7F21C62C3A0008242D /* LaunchScreen.storyboard */ = {
			isa = PBXVariantGroup;
			children = (
				BDFA1D8021C62C3A0008242D /* Base */,
			);
			name = LaunchScreen.storyboard;
			sourceTree = "<group>";
		};
/* End PBXVariantGroup section */

/* Begin XCBuildConfiguration section */
		BDFA1D8321C62C3A0008242D /* Debug */ = {
			isa = XCBuildConfiguration;
			buildSettings = {
				ALWAYS_SEARCH_USER_PATHS = NO;
				CLANG_ANALYZER_NONNULL = YES;
				CLANG_ANALYZER_NUMBER_OBJECT_CONVERSION = YES_AGGRESSIVE;
				CLANG_CXX_LANGUAGE_STANDARD = "gnu++14";
				CLANG_CXX_LIBRARY = "libc++";
				CLANG_ENABLE_MODULES = YES;
				CLANG_ENABLE_OBJC_ARC = YES;
				CLANG_ENABLE_OBJC_WEAK = YES;
				CLANG_WARN_BLOCK_CAPTURE_AUTORELEASING = YES;
				CLANG_WARN_BOOL_CONVERSION = YES;
				CLANG_WARN_COMMA = YES;
				CLANG_WARN_CONSTANT_CONVERSION = YES;
				CLANG_WARN_DEPRECATED_OBJC_IMPLEMENTATIONS = YES;
				CLANG_WARN_DIRECT_OBJC_ISA_USAGE = YES_ERROR;
				CLANG_WARN_DOCUMENTATION_COMMENTS = YES;
				CLANG_WARN_EMPTY_BODY = YES;
				CLANG_WARN_ENUM_CONVERSION = YES;
				CLANG_WARN_INFINITE_RECURSION = YES;
				CLANG_WARN_INT_CONVERSION = YES;
				CLANG_WARN_NON_LITERAL_NULL_CONVERSION = YES;
				CLANG_WARN_OBJC_IMPLICIT_RETAIN_SELF = YES;
				CLANG_WARN_OBJC_LITERAL_CONVERSION = YES;
				CLANG_WARN_OBJC_ROOT_CLASS = YES_ERROR;
				CLANG_WARN_RANGE_LOOP_ANALYSIS = YES;
				CLANG_WARN_STRICT_PROTOTYPES = YES;
				CLANG_WARN_SUSPICIOUS_MOVE = YES;
				CLANG_WARN_UNGUARDED_AVAILABILITY = YES_AGGRESSIVE;
				CLANG_WARN_UNREACHABLE_CODE = YES;
				CLANG_WARN__DUPLICATE_METHOD_MATCH = YES;
				CODE_SIGN_IDENTITY = "iPhone Developer";
				COPY_PHASE_STRIP = NO;
				DEBUG_INFORMATION_FORMAT = dwarf;
				ENABLE_STRICT_OBJC_MSGSEND = YES;
				ENABLE_TESTABILITY = YES;
				GCC_C_LANGUAGE_STANDARD = gnu11;
				GCC_DYNAMIC_NO_PIC = NO;
				GCC_NO_COMMON_BLOCKS = YES;
				GCC_OPTIMIZATION_LEVEL = 0;
				GCC_PREPROCESSOR_DEFINITIONS = (
					"DEBUG=1",
					"$(inherited)",
				);
				GCC_WARN_64_TO_32_BIT_CONVERSION = YES;
				GCC_WARN_ABOUT_RETURN_TYPE = YES_ERROR;
				GCC_WARN_UNDECLARED_SELECTOR = YES;
				GCC_WARN_UNINITIALIZED_AUTOS = YES_AGGRESSIVE;
				GCC_WARN_UNUSED_FUNCTION = YES;
				GCC_WARN_UNUSED_VARIABLE = YES;
				IPHONEOS_DEPLOYMENT_TARGET = 12.0;
				MTL_ENABLE_DEBUG_INFO = INCLUDE_SOURCE;
				MTL_FAST_MATH = YES;
				ONLY_ACTIVE_ARCH = YES;
				SDKROOT = iphoneos;
				SWIFT_ACTIVE_COMPILATION_CONDITIONS = DEBUG;
				SWIFT_OPTIMIZATION_LEVEL = "-Onone";
			};
			name = Debug;
		};
		BDFA1D8421C62C3A0008242D /* Release */ = {
			isa = XCBuildConfiguration;
			buildSettings = {
				ALWAYS_SEARCH_USER_PATHS = NO;
				CLANG_ANALYZER_NONNULL = YES;
				CLANG_ANALYZER_NUMBER_OBJECT_CONVERSION = YES_AGGRESSIVE;
				CLANG_CXX_LANGUAGE_STANDARD = "gnu++14";
				CLANG_CXX_LIBRARY = "libc++";
				CLANG_ENABLE_MODULES = YES;
				CLANG_ENABLE_OBJC_ARC = YES;
				CLANG_ENABLE_OBJC_WEAK = YES;
				CLANG_WARN_BLOCK_CAPTURE_AUTORELEASING = YES;
				CLANG_WARN_BOOL_CONVERSION = YES;
				CLANG_WARN_COMMA = YES;
				CLANG_WARN_CONSTANT_CONVERSION = YES;
				CLANG_WARN_DEPRECATED_OBJC_IMPLEMENTATIONS = YES;
				CLANG_WARN_DIRECT_OBJC_ISA_USAGE = YES_ERROR;
				CLANG_WARN_DOCUMENTATION_COMMENTS = YES;
				CLANG_WARN_EMPTY_BODY = YES;
				CLANG_WARN_ENUM_CONVERSION = YES;
				CLANG_WARN_INFINITE_RECURSION = YES;
				CLANG_WARN_INT_CONVERSION = YES;
				CLANG_WARN_NON_LITERAL_NULL_CONVERSION = YES;
				CLANG_WARN_OBJC_IMPLICIT_RETAIN_SELF = YES;
				CLANG_WARN_OBJC_LITERAL_CONVERSION = YES;
				CLANG_WARN_OBJC_ROOT_CLASS = YES_ERROR;
				CLANG_WARN_RANGE_LOOP_ANALYSIS = YES;
				CLANG_WARN_STRICT_PROTOTYPES = YES;
				CLANG_WARN_SUSPICIOUS_MOVE = YES;
				CLANG_WARN_UNGUARDED_AVAILABILITY = YES_AGGRESSIVE;
				CLANG_WARN_UNREACHABLE_CODE = YES;
				CLANG_WARN__DUPLICATE_METHOD_MATCH = YES;
				CODE_SIGN_IDENTITY = "iPhone Developer";
				COPY_PHASE_STRIP = NO;
				DEBUG_INFORMATION_FORMAT = "dwarf-with-dsym";
				ENABLE_NS_ASSERTIONS = NO;
				ENABLE_STRICT_OBJC_MSGSEND = YES;
				GCC_C_LANGUAGE_STANDARD = gnu11;
				GCC_NO_COMMON_BLOCKS = YES;
				GCC_WARN_64_TO_32_BIT_CONVERSION = YES;
				GCC_WARN_ABOUT_RETURN_TYPE = YES_ERROR;
				GCC_WARN_UNDECLARED_SELECTOR = YES;
				GCC_WARN_UNINITIALIZED_AUTOS = YES_AGGRESSIVE;
				GCC_WARN_UNUSED_FUNCTION = YES;
				GCC_WARN_UNUSED_VARIABLE = YES;
				IPHONEOS_DEPLOYMENT_TARGET = 12.0;
				MTL_ENABLE_DEBUG_INFO = NO;
				MTL_FAST_MATH = YES;
				SDKROOT = iphoneos;
				SWIFT_COMPILATION_MODE = wholemodule;
				SWIFT_OPTIMIZATION_LEVEL = "-O";
				VALIDATE_PRODUCT = YES;
			};
			name = Release;
		};
		BDFA1D8621C62C3A0008242D /* Debug */ = {
			isa = XCBuildConfiguration;
			baseConfigurationReference = 481C3FB343D470068AB38B86 /* Pods-MMasterDemo.debug.xcconfig */;
			buildSettings = {
				ASSETCATALOG_COMPILER_APPICON_NAME = AppIcon;
				CODE_SIGN_STYLE = Automatic;
				INFOPLIST_FILE = MMasterDemo/Info.plist;
				IPHONEOS_DEPLOYMENT_TARGET = 11.2;
				LD_RUNPATH_SEARCH_PATHS = (
					"$(inherited)",
					"@executable_path/Frameworks",
				);
				PRODUCT_BUNDLE_IDENTIFIER = com.manish.MMasterDemo;
				PRODUCT_NAME = "$(TARGET_NAME)";
				SWIFT_VERSION = 4.2;
				TARGETED_DEVICE_FAMILY = "1,2";
			};
			name = Debug;
		};
		BDFA1D8721C62C3A0008242D /* Release */ = {
			isa = XCBuildConfiguration;
			baseConfigurationReference = F351F20BCEBA9E1AD5CC654A /* Pods-MMasterDemo.release.xcconfig */;
			buildSettings = {
				ASSETCATALOG_COMPILER_APPICON_NAME = AppIcon;
				CODE_SIGN_STYLE = Automatic;
				INFOPLIST_FILE = MMasterDemo/Info.plist;
				IPHONEOS_DEPLOYMENT_TARGET = 11.2;
				LD_RUNPATH_SEARCH_PATHS = (
					"$(inherited)",
					"@executable_path/Frameworks",
				);
				PRODUCT_BUNDLE_IDENTIFIER = com.manish.MMasterDemo;
				PRODUCT_NAME = "$(TARGET_NAME)";
				SWIFT_VERSION = 4.2;
				TARGETED_DEVICE_FAMILY = "1,2";
			};
			name = Release;
		};
/* End XCBuildConfiguration section */

/* Begin XCConfigurationList section */
		BDFA1D6E21C62C380008242D /* Build configuration list for PBXProject "MMasterDemo" */ = {
			isa = XCConfigurationList;
			buildConfigurations = (
				BDFA1D8321C62C3A0008242D /* Debug */,
				BDFA1D8421C62C3A0008242D /* Release */,
			);
			defaultConfigurationIsVisible = 0;
			defaultConfigurationName = Release;
		};
		BDFA1D8521C62C3A0008242D /* Build configuration list for PBXNativeTarget "MMasterDemo" */ = {
			isa = XCConfigurationList;
			buildConfigurations = (
				BDFA1D8621C62C3A0008242D /* Debug */,
				BDFA1D8721C62C3A0008242D /* Release */,
			);
			defaultConfigurationIsVisible = 0;
			defaultConfigurationName = Release;
		};
/* End XCConfigurationList section */
	};
	rootObject = BDFA1D6B21C62C380008242D /* Project object */;
}
